
Microsoft Visual Studio Solution File, Format Version 12.00
# Visual Studio Version 16
VisualStudioVersion = 16.0.31729.503
MinimumVisualStudioVersion = 10.0.40219.1
Project("{FAE04EC0-301F-11D3-BF4B-00C04F79EFBC}") = "MatrixProject", "MatrixProject\MatrixProject.csproj", "{795E54CD-CDA1-4854-9042-2852C431D727}"
EndProject
Global
	GlobalSection(SolutionConfigurationPlatforms) = preSolution
		Debug|Any CPU = Debug|Any CPU
		Release|Any CPU = Release|Any CPU
	EndGlobalSection
	GlobalSection(ProjectConfigurationPlatforms) = postSolution
		{795E54CD-CDA1-4854-9042-2852C431D727}.Debug|Any CPU.ActiveCfg = Debug|Any CPU
		{795E54CD-CDA1-4854-9042-2852C431D727}.Debug|Any CPU.Build.0 = Debug|Any CPU
		{795E54CD-CDA1-4854-9042-2852C431D727}.Release|Any CPU.ActiveCfg = Release|Any CPU
		{795E54CD-CDA1-4854-9042-2852C431D727}.Release|Any CPU.Build.0 = Release|Any CPU
	EndGlobalSection
	GlobalSection(SolutionProperties) = preSolution
		HideSolutionNode = FALSE
	EndGlobalSection
	GlobalSection(ExtensibilityGlobals) = postSolution
		SolutionGuid = {2C5A6445-37F7-476F-85D4-EBD436931C4D}
	EndGlobalSection
EndGlobal
